{
  "name": "joaju-ms-materializador",
  "lockfileVersion": 3,
  "requires": true,
  "packages": {
    "": {
      "name": "joaju-ms-materializador",
      "devDependencies": {
        "playwright": "1.54.2"
      }
    },
    "node_modules/playwright": {
      "version": "1.54.2",
      "resolved": "https://registry.npmjs.org/playwright/-/playwright-1.54.2.tgz",
      "dev": true,
      "license": "Apache-2.0",
      "dependencies": {
        "playwright-core": "1.54.2"
      },
      "bin": {
        "playwright": "cli.js"
      }
    },
    "node_modules/playwright-core": {
      "version": "1.54.2",
      "resolved": "https://registry.npmjs.org/playwright-core/-/playwright-core-1.54.2.tgz",
      "dev": true,
      "license": "Apache-2.0",
      "bin": {
        "playwright-core": "cli.js"
      }
    }
  }
}
